
Microsoft Visual Studio Solution File, Format Version 12.00
# Visual Studio Version 17
VisualStudioVersion = 17.5.002.0
MinimumVisualStudioVersion = 10.0.40219.1
Project("{9A19103F-16F7-4668-BE54-9A1E7A4F7556}") = "ExBanco", "ExBanco.csproj", "{A26FD916-BCB1-43A3-B63B-8D78BA425DB9}"
EndProject
Global
	GlobalSection(SolutionConfigurationPlatforms) = preSolution
		Debug|Any CPU = Debug|Any CPU
		Release|Any CPU = Release|Any CPU
	EndGlobalSection
	GlobalSection(ProjectConfigurationPlatforms) = postSolution
		{A26FD916-BCB1-43A3-B63B-8D78BA425DB9}.Debug|Any CPU.ActiveCfg = Debug|Any CPU
		{A26FD916-BCB1-43A3-B63B-8D78BA425DB9}.Debug|Any CPU.Build.0 = Debug|Any CPU
		{A26FD916-BCB1-43A3-B63B-8D78BA425DB9}.Release|Any CPU.ActiveCfg = Release|Any CPU
		{A26FD916-BCB1-43A3-B63B-8D78BA425DB9}.Release|Any CPU.Build.0 = Release|Any CPU
	EndGlobalSection
	GlobalSection(SolutionProperties) = preSolution
		HideSolutionNode = FALSE
	EndGlobalSection
	GlobalSection(ExtensibilityGlobals) = postSolution
		SolutionGuid = {C9989B84-4A3B-4593-BDED-797F16375096}
	EndGlobalSection
EndGlobal
